<?xml version="1.0" encoding="utf-8"?>
<Project ToolsVersion="4.0" xmlns="http://schemas.microsoft.com/developer/msbuild/2003">
  <ItemGroup>
    <Filter Include="Source Files">
      <UniqueIdentifier>{4FC737F1-C7A5-4376-A066-2A32D752A2FF}</UniqueIdentifier>
      <Extensions>cpp;c;cc;cxx;c++;cppm;ixx;def;odl;idl;hpj;bat;asm;asmx</Extensions>
    </Filter>
    <Filter Include="Header Files">
      <UniqueIdentifier>{93995380-89BD-4b04-88EB-625FBE52EBFB}</UniqueIdentifier>
      <Extensions>h;hh;hpp;hxx;h++;hm;inl;inc;ipp;xsd</Extensions>
    </Filter>
    <Filter Include="Resource Files">
      <UniqueIdentifier>{67DA6AB6-F800-4c08-8B7A-83BB121AAD01}</UniqueIdentifier>
      <Extensions>rc;ico;cur;bmp;dlg;rc2;rct;bin;rgs;gif;jpg;jpeg;jpe;resx;tiff;tif;png;wav;mfcribbon-ms</Extensions>
    </Filter>
  </ItemGroup>
  <ItemGroup>
    <ClInclude Include="PositiveNumber.h">
      <Filter>Header Files</Filter>
    </ClInclude>
    <ClInclude Include="Field.h">
      <Filter>Header Files</Filter>
    </ClInclude>
    <ClInclude Include="FiniteNumber.h">
      <Filter>Header Files</Filter>
    </ClInclude>
    <ClInclude Include="FiniteField.h">
      <Filter>Header Files</Filter>
    </ClInclude>
    <ClInclude Include="SignedNumber.h">
      <Filter>Header Files</Filter>
    </ClInclude>
    <ClInclude Include="Exponent.h">
      <Filter>Header Files</Filter>
    </ClInclude>
    <ClInclude Include="doctest.h">
      <Filter>Header Files</Filter>
    </ClInclude>
    <ClInclude Include="Polynomial.h">
      <Filter>Header Files</Filter>
    </ClInclude>
    <ClInclude Include="FiniteGroup.h">
      <Filter>Header Files</Filter>
    </ClInclude>
    <ClInclude Include="RPolynomial.h">
      <Filter>Header Files</Filter>
    </ClInclude>
    <ClInclude Include="PolynomialElement.h">
      <Filter>Header Files</Filter>
    </ClInclude>
    <ClInclude Include="CalculationOfSquareRoot.h">
      <Filter>Header Files</Filter>
    </ClInclude>
    <ClInclude Include="Pollard.h">
      <Filter>Header Files</Filter>
    </ClInclude>
    <ClInclude Include="MillerRabin.h">
      <Filter>Header Files</Filter>
    </ClInclude>
    <ClInclude Include="FPolynomial.h">
      <Filter>Header Files</Filter>
    </ClInclude>
    <ClInclude Include="Euler.h">
      <Filter>Header Files</Filter>
    </ClInclude>
    <ClInclude Include="TrueFPolynomial.h">
      <Filter>Header Files</Filter>
    </ClInclude>
  </ItemGroup>
  <ItemGroup>
    <ClCompile Include="FiniteField.cpp">
      <Filter>Source Files</Filter>
    </ClCompile>
    <ClCompile Include="tests.cpp">
      <Filter>Source Files</Filter>
    </ClCompile>
    <ClCompile Include="RPolynomialTest.cpp">
      <Filter>Source Files</Filter>
    </ClCompile>
    <ClCompile Include="CalculationOfSquareRoot.cpp">
      <Filter>Source Files</Filter>
    </ClCompile>
    <ClCompile Include="FPolynomialTest.cpp">
      <Filter>Source Files</Filter>
    </ClCompile>
    <ClCompile Include="PolynomialElementTest.cpp">
      <Filter>Source Files</Filter>
    </ClCompile>
    <ClCompile Include="TrueFPolynomialTest.cpp">
      <Filter>Source Files</Filter>
    </ClCompile>
  </ItemGroup>
  <ItemGroup>
    <Text Include="..\Additional operators test.txt" />
    <Text Include="..\Additional operators.txt" />
    <Text Include="..\Carmichel.txt" />
    <Text Include="..\Division Test for PositiveNumber.txt" />
    <Text Include="..\Division Test for SignedNumber.txt" />
    <Text Include="..\Euler For Prime Values.txt" />
    <Text Include="..\Euler.txt" />
    <Text Include="..\Exponent Test.txt" />
    <Text Include="..\Finite numbers Tests.txt" />
    <Text Include="..\Miller-Rabin Primality Test.txt" />
    <Text Include="..\Modular Power.txt" />
    <Text Include="..\Naive Factorization.txt" />
    <Text Include="..\Pollard%27s Rho Factorization.txt" />
    <Text Include="..\Positive numbers Test.txt" />
    <Text Include="..\Remainder Test for Positive Numbers.txt" />
    <Text Include="..\Remainder Test for Signed Numbers.txt" />
    <Text Include="..\Signed numbers Test.txt" />
    <Text Include="..\Test binary form.txt" />
    <Text Include="..\Test Integer Constuctors.txt" />
    <Text Include="..\Test zero.txt" />
    <Text Include="..\TestNonQuadraticPositive.txt" />
    <Text Include="..\TestQuadraticResidue1.txt" />
    <Text Include="..\TestQuadraticResidue2.txt" />
  </ItemGroup>
</Project>